
Microsoft Visual Studio Solution File, Format Version 12.00
# Visual Studio Version 17
VisualStudioVersion = 17.14.37012.4
MinimumVisualStudioVersion = 10.0.40219.1
Project("{2150E333-8FDC-42A3-9474-1A3956D46DE8}") = "Solution Items", "Solution Items", "{8EC462FD-D22E-90A8-E5CE-7E832BA40C5D}"
	ProjectSection(SolutionItems) = preProject
		Directory.Build.props = Directory.Build.props
		Directory.Build.targets = Directory.Build.targets
		Directory.Packages.props = Directory.Packages.props
		config\ggtp.yaml = config\ggtp.yaml
		config\system.yaml = config\system.yaml
		config\upp.yaml = config\upp.yaml
	EndProjectSection
EndProject
Project("{FAE04EC0-301F-11D3-BF4B-00C04F79EFBC}") = "illusion.Common", "src\illusion.Common\illusion.Common.csproj", "{1054C9D5-4F2A-443C-BE80-EAFAE6271835}"
EndProject
Project("{FAE04EC0-301F-11D3-BF4B-00C04F79EFBC}") = "illusion.Common.Tests", "tests\csharp-unit\illusion.Common.Tests\illusion.Common.Tests.csproj", "{273B13E4-6B69-402E-BD8F-327424582E25}"
EndProject
Project("{FAE04EC0-301F-11D3-BF4B-00C04F79EFBC}") = "illusion.CoreLogic", "src\illusion.CoreLogic\illusion.CoreLogic.csproj", "{CC5B1D38-2905-4190-958D-39C9228A4D34}"
EndProject
Project("{FAE04EC0-301F-11D3-BF4B-00C04F79EFBC}") = "illusion.CoreLogic.Tests", "tests\csharp-unit\illusion.CoreLogic.Tests\illusion.CoreLogic.Tests.csproj", "{75759AB0-A238-4375-AC00-D9CF0E1BBCA8}"
EndProject
Project("{8BC9CEB8-8B4A-11D0-8D11-00A0C91BC942}") = "illusion.CoreLogic.Native", "src\illusion.CoreLogic.Native\build\illusion.CoreLogic.Native.vcxproj", "{FE6BC09B-0EB7-3E15-807C-D1FC91C67D0E}"
EndProject
Global
	GlobalSection(SolutionConfigurationPlatforms) = preSolution
		Debug|Any CPU = Debug|Any CPU
		Debug|x64 = Debug|x64
		MinSizeRel|Any CPU = MinSizeRel|Any CPU
		MinSizeRel|x64 = MinSizeRel|x64
		Release|Any CPU = Release|Any CPU
		Release|x64 = Release|x64
		RelWithDebInfo|Any CPU = RelWithDebInfo|Any CPU
		RelWithDebInfo|x64 = RelWithDebInfo|x64
	EndGlobalSection
	GlobalSection(ProjectConfigurationPlatforms) = postSolution
		{1054C9D5-4F2A-443C-BE80-EAFAE6271835}.Debug|Any CPU.ActiveCfg = Debug|Any CPU
		{1054C9D5-4F2A-443C-BE80-EAFAE6271835}.Debug|Any CPU.Build.0 = Debug|Any CPU
		{1054C9D5-4F2A-443C-BE80-EAFAE6271835}.Debug|x64.ActiveCfg = Debug|Any CPU
		{1054C9D5-4F2A-443C-BE80-EAFAE6271835}.Debug|x64.Build.0 = Debug|Any CPU
		{1054C9D5-4F2A-443C-BE80-EAFAE6271835}.MinSizeRel|Any CPU.ActiveCfg = Release|Any CPU
		{1054C9D5-4F2A-443C-BE80-EAFAE6271835}.MinSizeRel|Any CPU.Build.0 = Release|Any CPU
		{1054C9D5-4F2A-443C-BE80-EAFAE6271835}.MinSizeRel|x64.ActiveCfg = Release|Any CPU
		{1054C9D5-4F2A-443C-BE80-EAFAE6271835}.MinSizeRel|x64.Build.0 = Release|Any CPU
		{1054C9D5-4F2A-443C-BE80-EAFAE6271835}.Release|Any CPU.ActiveCfg = Release|Any CPU
		{1054C9D5-4F2A-443C-BE80-EAFAE6271835}.Release|Any CPU.Build.0 = Release|Any CPU
		{1054C9D5-4F2A-443C-BE80-EAFAE6271835}.Release|x64.ActiveCfg = Release|Any CPU
		{1054C9D5-4F2A-443C-BE80-EAFAE6271835}.Release|x64.Build.0 = Release|Any CPU
		{1054C9D5-4F2A-443C-BE80-EAFAE6271835}.RelWithDebInfo|Any CPU.ActiveCfg = Debug|Any CPU
		{1054C9D5-4F2A-443C-BE80-EAFAE6271835}.RelWithDebInfo|Any CPU.Build.0 = Debug|Any CPU
		{1054C9D5-4F2A-443C-BE80-EAFAE6271835}.RelWithDebInfo|x64.ActiveCfg = Debug|Any CPU
		{1054C9D5-4F2A-443C-BE80-EAFAE6271835}.RelWithDebInfo|x64.Build.0 = Debug|Any CPU
		{273B13E4-6B69-402E-BD8F-327424582E25}.Debug|Any CPU.ActiveCfg = Debug|Any CPU
		{273B13E4-6B69-402E-BD8F-327424582E25}.Debug|Any CPU.Build.0 = Debug|Any CPU
		{273B13E4-6B69-402E-BD8F-327424582E25}.Debug|x64.ActiveCfg = Debug|Any CPU
		{273B13E4-6B69-402E-BD8F-327424582E25}.Debug|x64.Build.0 = Debug|Any CPU
		{273B13E4-6B69-402E-BD8F-327424582E25}.MinSizeRel|Any CPU.ActiveCfg = Release|Any CPU
		{273B13E4-6B69-402E-BD8F-327424582E25}.MinSizeRel|Any CPU.Build.0 = Release|Any CPU
		{273B13E4-6B69-402E-BD8F-327424582E25}.MinSizeRel|x64.ActiveCfg = Release|Any CPU
		{273B13E4-6B69-402E-BD8F-327424582E25}.MinSizeRel|x64.Build.0 = Release|Any CPU
		{273B13E4-6B69-402E-BD8F-327424582E25}.Release|Any CPU.ActiveCfg = Release|Any CPU
		{273B13E4-6B69-402E-BD8F-327424582E25}.Release|Any CPU.Build.0 = Release|Any CPU
		{273B13E4-6B69-402E-BD8F-327424582E25}.Release|x64.ActiveCfg = Release|Any CPU
		{273B13E4-6B69-402E-BD8F-327424582E25}.Release|x64.Build.0 = Release|Any CPU
		{273B13E4-6B69-402E-BD8F-327424582E25}.RelWithDebInfo|Any CPU.ActiveCfg = Debug|Any CPU
		{273B13E4-6B69-402E-BD8F-327424582E25}.RelWithDebInfo|Any CPU.Build.0 = Debug|Any CPU
		{273B13E4-6B69-402E-BD8F-327424582E25}.RelWithDebInfo|x64.ActiveCfg = Debug|Any CPU
		{273B13E4-6B69-402E-BD8F-327424582E25}.RelWithDebInfo|x64.Build.0 = Debug|Any CPU
		{CC5B1D38-2905-4190-958D-39C9228A4D34}.Debug|Any CPU.ActiveCfg = Debug|Any CPU
		{CC5B1D38-2905-4190-958D-39C9228A4D34}.Debug|Any CPU.Build.0 = Debug|Any CPU
		{CC5B1D38-2905-4190-958D-39C9228A4D34}.Debug|x64.ActiveCfg = Debug|Any CPU
		{CC5B1D38-2905-4190-958D-39C9228A4D34}.Debug|x64.Build.0 = Debug|Any CPU
		{CC5B1D38-2905-4190-958D-39C9228A4D34}.MinSizeRel|Any CPU.ActiveCfg = Release|Any CPU
		{CC5B1D38-2905-4190-958D-39C9228A4D34}.MinSizeRel|Any CPU.Build.0 = Release|Any CPU
		{CC5B1D38-2905-4190-958D-39C9228A4D34}.MinSizeRel|x64.ActiveCfg = Release|Any CPU
		{CC5B1D38-2905-4190-958D-39C9228A4D34}.MinSizeRel|x64.Build.0 = Release|Any CPU
		{CC5B1D38-2905-4190-958D-39C9228A4D34}.Release|Any CPU.ActiveCfg = Release|Any CPU
		{CC5B1D38-2905-4190-958D-39C9228A4D34}.Release|Any CPU.Build.0 = Release|Any CPU
		{CC5B1D38-2905-4190-958D-39C9228A4D34}.Release|x64.ActiveCfg = Release|Any CPU
		{CC5B1D38-2905-4190-958D-39C9228A4D34}.Release|x64.Build.0 = Release|Any CPU
		{CC5B1D38-2905-4190-958D-39C9228A4D34}.RelWithDebInfo|Any CPU.ActiveCfg = Debug|Any CPU
		{CC5B1D38-2905-4190-958D-39C9228A4D34}.RelWithDebInfo|Any CPU.Build.0 = Debug|Any CPU
		{CC5B1D38-2905-4190-958D-39C9228A4D34}.RelWithDebInfo|x64.ActiveCfg = Debug|Any CPU
		{CC5B1D38-2905-4190-958D-39C9228A4D34}.RelWithDebInfo|x64.Build.0 = Debug|Any CPU
		{75759AB0-A238-4375-AC00-D9CF0E1BBCA8}.Debug|Any CPU.ActiveCfg = Debug|Any CPU
		{75759AB0-A238-4375-AC00-D9CF0E1BBCA8}.Debug|Any CPU.Build.0 = Debug|Any CPU
		{75759AB0-A238-4375-AC00-D9CF0E1BBCA8}.Debug|x64.ActiveCfg = Debug|Any CPU
		{75759AB0-A238-4375-AC00-D9CF0E1BBCA8}.Debug|x64.Build.0 = Debug|Any CPU
		{75759AB0-A238-4375-AC00-D9CF0E1BBCA8}.MinSizeRel|Any CPU.ActiveCfg = Release|Any CPU
		{75759AB0-A238-4375-AC00-D9CF0E1BBCA8}.MinSizeRel|Any CPU.Build.0 = Release|Any CPU
		{75759AB0-A238-4375-AC00-D9CF0E1BBCA8}.MinSizeRel|x64.ActiveCfg = Release|Any CPU
		{75759AB0-A238-4375-AC00-D9CF0E1BBCA8}.MinSizeRel|x64.Build.0 = Release|Any CPU
		{75759AB0-A238-4375-AC00-D9CF0E1BBCA8}.Release|Any CPU.ActiveCfg = Release|Any CPU
		{75759AB0-A238-4375-AC00-D9CF0E1BBCA8}.Release|Any CPU.Build.0 = Release|Any CPU
		{75759AB0-A238-4375-AC00-D9CF0E1BBCA8}.Release|x64.ActiveCfg = Release|Any CPU
		{75759AB0-A238-4375-AC00-D9CF0E1BBCA8}.Release|x64.Build.0 = Release|Any CPU
		{75759AB0-A238-4375-AC00-D9CF0E1BBCA8}.RelWithDebInfo|Any CPU.ActiveCfg = Debug|Any CPU
		{75759AB0-A238-4375-AC00-D9CF0E1BBCA8}.RelWithDebInfo|Any CPU.Build.0 = Debug|Any CPU
		{75759AB0-A238-4375-AC00-D9CF0E1BBCA8}.RelWithDebInfo|x64.ActiveCfg = Debug|Any CPU
		{75759AB0-A238-4375-AC00-D9CF0E1BBCA8}.RelWithDebInfo|x64.Build.0 = Debug|Any CPU
		{FE6BC09B-0EB7-3E15-807C-D1FC91C67D0E}.Debug|Any CPU.ActiveCfg = Debug|x64
		{FE6BC09B-0EB7-3E15-807C-D1FC91C67D0E}.Debug|Any CPU.Build.0 = Debug|x64
		{FE6BC09B-0EB7-3E15-807C-D1FC91C67D0E}.Debug|x64.ActiveCfg = Debug|x64
		{FE6BC09B-0EB7-3E15-807C-D1FC91C67D0E}.Debug|x64.Build.0 = Debug|x64
		{FE6BC09B-0EB7-3E15-807C-D1FC91C67D0E}.MinSizeRel|Any CPU.ActiveCfg = MinSizeRel|x64
		{FE6BC09B-0EB7-3E15-807C-D1FC91C67D0E}.MinSizeRel|Any CPU.Build.0 = MinSizeRel|x64
		{FE6BC09B-0EB7-3E15-807C-D1FC91C67D0E}.MinSizeRel|x64.ActiveCfg = MinSizeRel|x64
		{FE6BC09B-0EB7-3E15-807C-D1FC91C67D0E}.MinSizeRel|x64.Build.0 = MinSizeRel|x64
		{FE6BC09B-0EB7-3E15-807C-D1FC91C67D0E}.Release|Any CPU.ActiveCfg = Release|x64
		{FE6BC09B-0EB7-3E15-807C-D1FC91C67D0E}.Release|Any CPU.Build.0 = Release|x64
		{FE6BC09B-0EB7-3E15-807C-D1FC91C67D0E}.Release|x64.ActiveCfg = Release|x64
		{FE6BC09B-0EB7-3E15-807C-D1FC91C67D0E}.Release|x64.Build.0 = Release|x64
		{FE6BC09B-0EB7-3E15-807C-D1FC91C67D0E}.RelWithDebInfo|Any CPU.ActiveCfg = RelWithDebInfo|x64
		{FE6BC09B-0EB7-3E15-807C-D1FC91C67D0E}.RelWithDebInfo|Any CPU.Build.0 = RelWithDebInfo|x64
		{FE6BC09B-0EB7-3E15-807C-D1FC91C67D0E}.RelWithDebInfo|x64.ActiveCfg = RelWithDebInfo|x64
		{FE6BC09B-0EB7-3E15-807C-D1FC91C67D0E}.RelWithDebInfo|x64.Build.0 = RelWithDebInfo|x64
	EndGlobalSection
	GlobalSection(SolutionProperties) = preSolution
		HideSolutionNode = FALSE
	EndGlobalSection
	GlobalSection(ExtensibilityGlobals) = postSolution
		SolutionGuid = {31D0612C-7FD6-4982-9D18-919692325E97}
	EndGlobalSection
EndGlobal
