
Microsoft Visual Studio Solution File, Format Version 12.00
# Visual Studio Version 17
VisualStudioVersion = 17.14.37012.4
MinimumVisualStudioVersion = 10.0.40219.1
Project("{2150E333-8FDC-42A3-9474-1A3956D46DE8}") = "Solution Items", "Solution Items", "{8EC462FD-D22E-90A8-E5CE-7E832BA40C5D}"
	ProjectSection(SolutionItems) = preProject
		.gitattributes = .gitattributes
		.gitignore = .gitignore
		config\config.yaml = config\config.yaml
		config\default.yaml = config\default.yaml
		Directory.Build.props = Directory.Build.props
		Directory.Build.targets = Directory.Build.targets
		Directory.Packages.props = Directory.Packages.props
		LICENSE.txt = LICENSE.txt
		README.md = README.md
	EndProjectSection
EndProject
Project("{2150E333-8FDC-42A3-9474-1A3956D46DE8}") = "src", "src", "{FF701CE9-4871-4211-814A-3BBB5C819AB8}"
EndProject
Project("{FAE04EC0-301F-11D3-BF4B-00C04F79EFBC}") = "illusion.Common", "src\illusion.Common\illusion.Common.csproj", "{1054C9D5-4F2A-443C-BE80-EAFAE6271835}"
EndProject
Project("{FAE04EC0-301F-11D3-BF4B-00C04F79EFBC}") = "illusion.CoreLogic", "src\illusion.CoreLogic\illusion.CoreLogic.csproj", "{CC5B1D38-2905-4190-958D-39C9228A4D34}"
EndProject
Project("{FAE04EC0-301F-11D3-BF4B-00C04F79EFBC}") = "illusion.Memory", "src\illusion.Memory\illusion.Memory.csproj", "{D439F162-629B-45DD-A1C2-DCE0507131B7}"
EndProject
Project("{FAE04EC0-301F-11D3-BF4B-00C04F79EFBC}") = "illusion.Parser", "src\illusion.Parser\illusion.Parser.csproj", "{EA502F7C-B78C-438E-AE5B-F1F7C99A7C71}"
EndProject
Project("{FAE04EC0-301F-11D3-BF4B-00C04F79EFBC}") = "illusion.Generator", "src\illusion.Generator\illusion.Generator.csproj", "{486A4448-C5EE-439F-80AE-538DDD9462BA}"
EndProject
Project("{FAE04EC0-301F-11D3-BF4B-00C04F79EFBC}") = "illusion.Meta", "src\illusion.Meta\illusion.Meta.csproj", "{7BE4CD17-0006-4670-BF57-40C391DAE7EA}"
EndProject
Project("{FAE04EC0-301F-11D3-BF4B-00C04F79EFBC}") = "illusion.Gateway", "src\illusion.Gateway\illusion.Gateway.csproj", "{184AD754-DE24-447B-AA80-D9976CDD28D1}"
EndProject
Project("{FAE04EC0-301F-11D3-BF4B-00C04F79EFBC}") = "illusion.Gateway.CLI", "src\illusion.Gateway.CLI\illusion.Gateway.CLI.csproj", "{7F451618-80B7-4926-B3CD-E628FD37E2AA}"
EndProject
Project("{2150E333-8FDC-42A3-9474-1A3956D46DE8}") = "tests", "tests", "{A76F83AF-A61A-408F-8BB2-4FFDF1BDD8DD}"
EndProject
Project("{2150E333-8FDC-42A3-9474-1A3956D46DE8}") = "csharp-unit", "csharp-unit", "{F9BD5DFA-1758-40AD-AEB9-AC09CDE8D3BF}"
EndProject
Project("{FAE04EC0-301F-11D3-BF4B-00C04F79EFBC}") = "illusion.Common.Tests", "tests\csharp-unit\illusion.Common.Tests\illusion.Common.Tests.csproj", "{273B13E4-6B69-402E-BD8F-327424582E25}"
EndProject
Project("{FAE04EC0-301F-11D3-BF4B-00C04F79EFBC}") = "illusion.CoreLogic.Tests", "tests\csharp-unit\illusion.CoreLogic.Tests\illusion.CoreLogic.Tests.csproj", "{75759AB0-A238-4375-AC00-D9CF0E1BBCA8}"
EndProject
Project("{FAE04EC0-301F-11D3-BF4B-00C04F79EFBC}") = "illusion.Memory.Tests", "tests\csharp-unit\illusion.Memory.Tests\illusion.Memory.Tests.csproj", "{82CD365D-FB29-4B41-BE0D-DE8D7A1D4541}"
EndProject
Project("{FAE04EC0-301F-11D3-BF4B-00C04F79EFBC}") = "illusion.Parser.Tests", "tests\csharp-unit\illusion.Parser.Tests\illusion.Parser.Tests.csproj", "{F20161CB-1A11-45AA-B5D8-3278B0D4DBCD}"
EndProject
Project("{FAE04EC0-301F-11D3-BF4B-00C04F79EFBC}") = "illusion.Generator.Tests", "tests\csharp-unit\illusion.Generator.Tests\illusion.Generator.Tests.csproj", "{CBCE1D2F-0871-409C-B1E9-EDE039A502B0}"
EndProject
Project("{FAE04EC0-301F-11D3-BF4B-00C04F79EFBC}") = "illusion.Meta.Tests", "tests\csharp-unit\illusion.Meta.Tests\illusion.Meta.Tests.csproj", "{13C13A2D-4B79-4AF7-A6B1-43CF4407CD04}"
EndProject
Project("{FAE04EC0-301F-11D3-BF4B-00C04F79EFBC}") = "illusion.Gateway.Tests", "tests\csharp-unit\illusion.Gateway.Tests\illusion.Gateway.Tests.csproj", "{62D843D9-3EEB-4435-B7C1-D5C414CDBAED}"
EndProject
Global
	GlobalSection(SolutionConfigurationPlatforms) = preSolution
		Debug|Any CPU = Debug|Any CPU
		Debug|x64 = Debug|x64
		MinSizeRel|Any CPU = MinSizeRel|Any CPU
		MinSizeRel|x64 = MinSizeRel|x64
		Release|Any CPU = Release|Any CPU
		Release|x64 = Release|x64
		RelWithDebInfo|Any CPU = RelWithDebInfo|Any CPU
		RelWithDebInfo|x64 = RelWithDebInfo|x64
	EndGlobalSection
	GlobalSection(ProjectConfigurationPlatforms) = postSolution
		{1054C9D5-4F2A-443C-BE80-EAFAE6271835}.Debug|Any CPU.ActiveCfg = Debug|Any CPU
		{1054C9D5-4F2A-443C-BE80-EAFAE6271835}.Debug|Any CPU.Build.0 = Debug|Any CPU
		{1054C9D5-4F2A-443C-BE80-EAFAE6271835}.Debug|x64.ActiveCfg = Debug|Any CPU
		{1054C9D5-4F2A-443C-BE80-EAFAE6271835}.Debug|x64.Build.0 = Debug|Any CPU
		{1054C9D5-4F2A-443C-BE80-EAFAE6271835}.MinSizeRel|Any CPU.ActiveCfg = Release|Any CPU
		{1054C9D5-4F2A-443C-BE80-EAFAE6271835}.MinSizeRel|Any CPU.Build.0 = Release|Any CPU
		{1054C9D5-4F2A-443C-BE80-EAFAE6271835}.MinSizeRel|x64.ActiveCfg = Release|Any CPU
		{1054C9D5-4F2A-443C-BE80-EAFAE6271835}.MinSizeRel|x64.Build.0 = Release|Any CPU
		{1054C9D5-4F2A-443C-BE80-EAFAE6271835}.Release|Any CPU.ActiveCfg = Release|Any CPU
		{1054C9D5-4F2A-443C-BE80-EAFAE6271835}.Release|Any CPU.Build.0 = Release|Any CPU
		{1054C9D5-4F2A-443C-BE80-EAFAE6271835}.Release|x64.ActiveCfg = Release|Any CPU
		{1054C9D5-4F2A-443C-BE80-EAFAE6271835}.Release|x64.Build.0 = Release|Any CPU
		{1054C9D5-4F2A-443C-BE80-EAFAE6271835}.RelWithDebInfo|Any CPU.ActiveCfg = Debug|Any CPU
		{1054C9D5-4F2A-443C-BE80-EAFAE6271835}.RelWithDebInfo|Any CPU.Build.0 = Debug|Any CPU
		{1054C9D5-4F2A-443C-BE80-EAFAE6271835}.RelWithDebInfo|x64.ActiveCfg = Debug|Any CPU
		{1054C9D5-4F2A-443C-BE80-EAFAE6271835}.RelWithDebInfo|x64.Build.0 = Debug|Any CPU
		{CC5B1D38-2905-4190-958D-39C9228A4D34}.Debug|Any CPU.ActiveCfg = Debug|Any CPU
		{CC5B1D38-2905-4190-958D-39C9228A4D34}.Debug|Any CPU.Build.0 = Debug|Any CPU
		{CC5B1D38-2905-4190-958D-39C9228A4D34}.Debug|x64.ActiveCfg = Debug|Any CPU
		{CC5B1D38-2905-4190-958D-39C9228A4D34}.Debug|x64.Build.0 = Debug|Any CPU
		{CC5B1D38-2905-4190-958D-39C9228A4D34}.MinSizeRel|Any CPU.ActiveCfg = Release|Any CPU
		{CC5B1D38-2905-4190-958D-39C9228A4D34}.MinSizeRel|Any CPU.Build.0 = Release|Any CPU
		{CC5B1D38-2905-4190-958D-39C9228A4D34}.MinSizeRel|x64.ActiveCfg = Release|Any CPU
		{CC5B1D38-2905-4190-958D-39C9228A4D34}.MinSizeRel|x64.Build.0 = Release|Any CPU
		{CC5B1D38-2905-4190-958D-39C9228A4D34}.Release|Any CPU.ActiveCfg = Release|Any CPU
		{CC5B1D38-2905-4190-958D-39C9228A4D34}.Release|Any CPU.Build.0 = Release|Any CPU
		{CC5B1D38-2905-4190-958D-39C9228A4D34}.Release|x64.ActiveCfg = Release|Any CPU
		{CC5B1D38-2905-4190-958D-39C9228A4D34}.Release|x64.Build.0 = Release|Any CPU
		{CC5B1D38-2905-4190-958D-39C9228A4D34}.RelWithDebInfo|Any CPU.ActiveCfg = Debug|Any CPU
		{CC5B1D38-2905-4190-958D-39C9228A4D34}.RelWithDebInfo|Any CPU.Build.0 = Debug|Any CPU
		{CC5B1D38-2905-4190-958D-39C9228A4D34}.RelWithDebInfo|x64.ActiveCfg = Debug|Any CPU
		{CC5B1D38-2905-4190-958D-39C9228A4D34}.RelWithDebInfo|x64.Build.0 = Debug|Any CPU
		{D439F162-629B-45DD-A1C2-DCE0507131B7}.Debug|Any CPU.ActiveCfg = Debug|Any CPU
		{D439F162-629B-45DD-A1C2-DCE0507131B7}.Debug|Any CPU.Build.0 = Debug|Any CPU
		{D439F162-629B-45DD-A1C2-DCE0507131B7}.Debug|x64.ActiveCfg = Debug|Any CPU
		{D439F162-629B-45DD-A1C2-DCE0507131B7}.Debug|x64.Build.0 = Debug|Any CPU
		{D439F162-629B-45DD-A1C2-DCE0507131B7}.MinSizeRel|Any CPU.ActiveCfg = Debug|Any CPU
		{D439F162-629B-45DD-A1C2-DCE0507131B7}.MinSizeRel|Any CPU.Build.0 = Debug|Any CPU
		{D439F162-629B-45DD-A1C2-DCE0507131B7}.MinSizeRel|x64.ActiveCfg = Debug|Any CPU
		{D439F162-629B-45DD-A1C2-DCE0507131B7}.MinSizeRel|x64.Build.0 = Debug|Any CPU
		{D439F162-629B-45DD-A1C2-DCE0507131B7}.Release|Any CPU.ActiveCfg = Release|Any CPU
		{D439F162-629B-45DD-A1C2-DCE0507131B7}.Release|Any CPU.Build.0 = Release|Any CPU
		{D439F162-629B-45DD-A1C2-DCE0507131B7}.Release|x64.ActiveCfg = Release|Any CPU
		{D439F162-629B-45DD-A1C2-DCE0507131B7}.Release|x64.Build.0 = Release|Any CPU
		{D439F162-629B-45DD-A1C2-DCE0507131B7}.RelWithDebInfo|Any CPU.ActiveCfg = Debug|Any CPU
		{D439F162-629B-45DD-A1C2-DCE0507131B7}.RelWithDebInfo|Any CPU.Build.0 = Debug|Any CPU
		{D439F162-629B-45DD-A1C2-DCE0507131B7}.RelWithDebInfo|x64.ActiveCfg = Debug|Any CPU
		{D439F162-629B-45DD-A1C2-DCE0507131B7}.RelWithDebInfo|x64.Build.0 = Debug|Any CPU
		{EA502F7C-B78C-438E-AE5B-F1F7C99A7C71}.Debug|Any CPU.ActiveCfg = Debug|Any CPU
		{EA502F7C-B78C-438E-AE5B-F1F7C99A7C71}.Debug|Any CPU.Build.0 = Debug|Any CPU
		{EA502F7C-B78C-438E-AE5B-F1F7C99A7C71}.Debug|x64.ActiveCfg = Debug|Any CPU
		{EA502F7C-B78C-438E-AE5B-F1F7C99A7C71}.Debug|x64.Build.0 = Debug|Any CPU
		{EA502F7C-B78C-438E-AE5B-F1F7C99A7C71}.MinSizeRel|Any CPU.ActiveCfg = Debug|Any CPU
		{EA502F7C-B78C-438E-AE5B-F1F7C99A7C71}.MinSizeRel|Any CPU.Build.0 = Debug|Any CPU
		{EA502F7C-B78C-438E-AE5B-F1F7C99A7C71}.MinSizeRel|x64.ActiveCfg = Debug|Any CPU
		{EA502F7C-B78C-438E-AE5B-F1F7C99A7C71}.MinSizeRel|x64.Build.0 = Debug|Any CPU
		{EA502F7C-B78C-438E-AE5B-F1F7C99A7C71}.Release|Any CPU.ActiveCfg = Release|Any CPU
		{EA502F7C-B78C-438E-AE5B-F1F7C99A7C71}.Release|Any CPU.Build.0 = Release|Any CPU
		{EA502F7C-B78C-438E-AE5B-F1F7C99A7C71}.Release|x64.ActiveCfg = Release|Any CPU
		{EA502F7C-B78C-438E-AE5B-F1F7C99A7C71}.Release|x64.Build.0 = Release|Any CPU
		{EA502F7C-B78C-438E-AE5B-F1F7C99A7C71}.RelWithDebInfo|Any CPU.ActiveCfg = Debug|Any CPU
		{EA502F7C-B78C-438E-AE5B-F1F7C99A7C71}.RelWithDebInfo|Any CPU.Build.0 = Debug|Any CPU
		{EA502F7C-B78C-438E-AE5B-F1F7C99A7C71}.RelWithDebInfo|x64.ActiveCfg = Debug|Any CPU
		{EA502F7C-B78C-438E-AE5B-F1F7C99A7C71}.RelWithDebInfo|x64.Build.0 = Debug|Any CPU
		{486A4448-C5EE-439F-80AE-538DDD9462BA}.Debug|Any CPU.ActiveCfg = Debug|Any CPU
		{486A4448-C5EE-439F-80AE-538DDD9462BA}.Debug|Any CPU.Build.0 = Debug|Any CPU
		{486A4448-C5EE-439F-80AE-538DDD9462BA}.Debug|x64.ActiveCfg = Debug|Any CPU
		{486A4448-C5EE-439F-80AE-538DDD9462BA}.Debug|x64.Build.0 = Debug|Any CPU
		{486A4448-C5EE-439F-80AE-538DDD9462BA}.MinSizeRel|Any CPU.ActiveCfg = Debug|Any CPU
		{486A4448-C5EE-439F-80AE-538DDD9462BA}.MinSizeRel|Any CPU.Build.0 = Debug|Any CPU
		{486A4448-C5EE-439F-80AE-538DDD9462BA}.MinSizeRel|x64.ActiveCfg = Debug|Any CPU
		{486A4448-C5EE-439F-80AE-538DDD9462BA}.MinSizeRel|x64.Build.0 = Debug|Any CPU
		{486A4448-C5EE-439F-80AE-538DDD9462BA}.Release|Any CPU.ActiveCfg = Release|Any CPU
		{486A4448-C5EE-439F-80AE-538DDD9462BA}.Release|Any CPU.Build.0 = Release|Any CPU
		{486A4448-C5EE-439F-80AE-538DDD9462BA}.Release|x64.ActiveCfg = Release|Any CPU
		{486A4448-C5EE-439F-80AE-538DDD9462BA}.Release|x64.Build.0 = Release|Any CPU
		{486A4448-C5EE-439F-80AE-538DDD9462BA}.RelWithDebInfo|Any CPU.ActiveCfg = Debug|Any CPU
		{486A4448-C5EE-439F-80AE-538DDD9462BA}.RelWithDebInfo|Any CPU.Build.0 = Debug|Any CPU
		{486A4448-C5EE-439F-80AE-538DDD9462BA}.RelWithDebInfo|x64.ActiveCfg = Debug|Any CPU
		{486A4448-C5EE-439F-80AE-538DDD9462BA}.RelWithDebInfo|x64.Build.0 = Debug|Any CPU
		{7BE4CD17-0006-4670-BF57-40C391DAE7EA}.Debug|Any CPU.ActiveCfg = Debug|Any CPU
		{7BE4CD17-0006-4670-BF57-40C391DAE7EA}.Debug|Any CPU.Build.0 = Debug|Any CPU
		{7BE4CD17-0006-4670-BF57-40C391DAE7EA}.Debug|x64.ActiveCfg = Debug|Any CPU
		{7BE4CD17-0006-4670-BF57-40C391DAE7EA}.Debug|x64.Build.0 = Debug|Any CPU
		{7BE4CD17-0006-4670-BF57-40C391DAE7EA}.MinSizeRel|Any CPU.ActiveCfg = Debug|Any CPU
		{7BE4CD17-0006-4670-BF57-40C391DAE7EA}.MinSizeRel|Any CPU.Build.0 = Debug|Any CPU
		{7BE4CD17-0006-4670-BF57-40C391DAE7EA}.MinSizeRel|x64.ActiveCfg = Debug|Any CPU
		{7BE4CD17-0006-4670-BF57-40C391DAE7EA}.MinSizeRel|x64.Build.0 = Debug|Any CPU
		{7BE4CD17-0006-4670-BF57-40C391DAE7EA}.Release|Any CPU.ActiveCfg = Release|Any CPU
		{7BE4CD17-0006-4670-BF57-40C391DAE7EA}.Release|Any CPU.Build.0 = Release|Any CPU
		{7BE4CD17-0006-4670-BF57-40C391DAE7EA}.Release|x64.ActiveCfg = Release|Any CPU
		{7BE4CD17-0006-4670-BF57-40C391DAE7EA}.Release|x64.Build.0 = Release|Any CPU
		{7BE4CD17-0006-4670-BF57-40C391DAE7EA}.RelWithDebInfo|Any CPU.ActiveCfg = Debug|Any CPU
		{7BE4CD17-0006-4670-BF57-40C391DAE7EA}.RelWithDebInfo|Any CPU.Build.0 = Debug|Any CPU
		{7BE4CD17-0006-4670-BF57-40C391DAE7EA}.RelWithDebInfo|x64.ActiveCfg = Debug|Any CPU
		{7BE4CD17-0006-4670-BF57-40C391DAE7EA}.RelWithDebInfo|x64.Build.0 = Debug|Any CPU
		{184AD754-DE24-447B-AA80-D9976CDD28D1}.Debug|Any CPU.ActiveCfg = Debug|Any CPU
		{184AD754-DE24-447B-AA80-D9976CDD28D1}.Debug|Any CPU.Build.0 = Debug|Any CPU
		{184AD754-DE24-447B-AA80-D9976CDD28D1}.Debug|x64.ActiveCfg = Debug|Any CPU
		{184AD754-DE24-447B-AA80-D9976CDD28D1}.Debug|x64.Build.0 = Debug|Any CPU
		{184AD754-DE24-447B-AA80-D9976CDD28D1}.MinSizeRel|Any CPU.ActiveCfg = Debug|Any CPU
		{184AD754-DE24-447B-AA80-D9976CDD28D1}.MinSizeRel|Any CPU.Build.0 = Debug|Any CPU
		{184AD754-DE24-447B-AA80-D9976CDD28D1}.MinSizeRel|x64.ActiveCfg = Debug|Any CPU
		{184AD754-DE24-447B-AA80-D9976CDD28D1}.MinSizeRel|x64.Build.0 = Debug|Any CPU
		{184AD754-DE24-447B-AA80-D9976CDD28D1}.Release|Any CPU.ActiveCfg = Release|Any CPU
		{184AD754-DE24-447B-AA80-D9976CDD28D1}.Release|Any CPU.Build.0 = Release|Any CPU
		{184AD754-DE24-447B-AA80-D9976CDD28D1}.Release|x64.ActiveCfg = Release|Any CPU
		{184AD754-DE24-447B-AA80-D9976CDD28D1}.Release|x64.Build.0 = Release|Any CPU
		{184AD754-DE24-447B-AA80-D9976CDD28D1}.RelWithDebInfo|Any CPU.ActiveCfg = Debug|Any CPU
		{184AD754-DE24-447B-AA80-D9976CDD28D1}.RelWithDebInfo|Any CPU.Build.0 = Debug|Any CPU
		{184AD754-DE24-447B-AA80-D9976CDD28D1}.RelWithDebInfo|x64.ActiveCfg = Debug|Any CPU
		{184AD754-DE24-447B-AA80-D9976CDD28D1}.RelWithDebInfo|x64.Build.0 = Debug|Any CPU
		{7F451618-80B7-4926-B3CD-E628FD37E2AA}.Debug|Any CPU.ActiveCfg = Debug|Any CPU
		{7F451618-80B7-4926-B3CD-E628FD37E2AA}.Debug|Any CPU.Build.0 = Debug|Any CPU
		{7F451618-80B7-4926-B3CD-E628FD37E2AA}.Debug|x64.ActiveCfg = Debug|Any CPU
		{7F451618-80B7-4926-B3CD-E628FD37E2AA}.Debug|x64.Build.0 = Debug|Any CPU
		{7F451618-80B7-4926-B3CD-E628FD37E2AA}.MinSizeRel|Any CPU.ActiveCfg = Release|Any CPU
		{7F451618-80B7-4926-B3CD-E628FD37E2AA}.MinSizeRel|Any CPU.Build.0 = Release|Any CPU
		{7F451618-80B7-4926-B3CD-E628FD37E2AA}.MinSizeRel|x64.ActiveCfg = Release|Any CPU
		{7F451618-80B7-4926-B3CD-E628FD37E2AA}.MinSizeRel|x64.Build.0 = Release|Any CPU
		{7F451618-80B7-4926-B3CD-E628FD37E2AA}.Release|Any CPU.ActiveCfg = Release|Any CPU
		{7F451618-80B7-4926-B3CD-E628FD37E2AA}.Release|Any CPU.Build.0 = Release|Any CPU
		{7F451618-80B7-4926-B3CD-E628FD37E2AA}.Release|x64.ActiveCfg = Release|Any CPU
		{7F451618-80B7-4926-B3CD-E628FD37E2AA}.Release|x64.Build.0 = Release|Any CPU
		{7F451618-80B7-4926-B3CD-E628FD37E2AA}.RelWithDebInfo|Any CPU.ActiveCfg = Debug|Any CPU
		{7F451618-80B7-4926-B3CD-E628FD37E2AA}.RelWithDebInfo|Any CPU.Build.0 = Debug|Any CPU
		{7F451618-80B7-4926-B3CD-E628FD37E2AA}.RelWithDebInfo|x64.ActiveCfg = Debug|Any CPU
		{7F451618-80B7-4926-B3CD-E628FD37E2AA}.RelWithDebInfo|x64.Build.0 = Debug|Any CPU
		{273B13E4-6B69-402E-BD8F-327424582E25}.Debug|Any CPU.ActiveCfg = Debug|Any CPU
		{273B13E4-6B69-402E-BD8F-327424582E25}.Debug|Any CPU.Build.0 = Debug|Any CPU
		{273B13E4-6B69-402E-BD8F-327424582E25}.Debug|x64.ActiveCfg = Debug|Any CPU
		{273B13E4-6B69-402E-BD8F-327424582E25}.Debug|x64.Build.0 = Debug|Any CPU
		{273B13E4-6B69-402E-BD8F-327424582E25}.MinSizeRel|Any CPU.ActiveCfg = Release|Any CPU
		{273B13E4-6B69-402E-BD8F-327424582E25}.MinSizeRel|Any CPU.Build.0 = Release|Any CPU
		{273B13E4-6B69-402E-BD8F-327424582E25}.MinSizeRel|x64.ActiveCfg = Release|Any CPU
		{273B13E4-6B69-402E-BD8F-327424582E25}.MinSizeRel|x64.Build.0 = Release|Any CPU
		{273B13E4-6B69-402E-BD8F-327424582E25}.Release|Any CPU.ActiveCfg = Release|Any CPU
		{273B13E4-6B69-402E-BD8F-327424582E25}.Release|Any CPU.Build.0 = Release|Any CPU
		{273B13E4-6B69-402E-BD8F-327424582E25}.Release|x64.ActiveCfg = Release|Any CPU
		{273B13E4-6B69-402E-BD8F-327424582E25}.Release|x64.Build.0 = Release|Any CPU
		{273B13E4-6B69-402E-BD8F-327424582E25}.RelWithDebInfo|Any CPU.ActiveCfg = Debug|Any CPU
		{273B13E4-6B69-402E-BD8F-327424582E25}.RelWithDebInfo|Any CPU.Build.0 = Debug|Any CPU
		{273B13E4-6B69-402E-BD8F-327424582E25}.RelWithDebInfo|x64.ActiveCfg = Debug|Any CPU
		{273B13E4-6B69-402E-BD8F-327424582E25}.RelWithDebInfo|x64.Build.0 = Debug|Any CPU
		{75759AB0-A238-4375-AC00-D9CF0E1BBCA8}.Debug|Any CPU.ActiveCfg = Debug|Any CPU
		{75759AB0-A238-4375-AC00-D9CF0E1BBCA8}.Debug|Any CPU.Build.0 = Debug|Any CPU
		{75759AB0-A238-4375-AC00-D9CF0E1BBCA8}.Debug|x64.ActiveCfg = Debug|Any CPU
		{75759AB0-A238-4375-AC00-D9CF0E1BBCA8}.Debug|x64.Build.0 = Debug|Any CPU
		{75759AB0-A238-4375-AC00-D9CF0E1BBCA8}.MinSizeRel|Any CPU.ActiveCfg = Release|Any CPU
		{75759AB0-A238-4375-AC00-D9CF0E1BBCA8}.MinSizeRel|Any CPU.Build.0 = Release|Any CPU
		{75759AB0-A238-4375-AC00-D9CF0E1BBCA8}.MinSizeRel|x64.ActiveCfg = Release|Any CPU
		{75759AB0-A238-4375-AC00-D9CF0E1BBCA8}.MinSizeRel|x64.Build.0 = Release|Any CPU
		{75759AB0-A238-4375-AC00-D9CF0E1BBCA8}.Release|Any CPU.ActiveCfg = Release|Any CPU
		{75759AB0-A238-4375-AC00-D9CF0E1BBCA8}.Release|Any CPU.Build.0 = Release|Any CPU
		{75759AB0-A238-4375-AC00-D9CF0E1BBCA8}.Release|x64.ActiveCfg = Release|Any CPU
		{75759AB0-A238-4375-AC00-D9CF0E1BBCA8}.Release|x64.Build.0 = Release|Any CPU
		{75759AB0-A238-4375-AC00-D9CF0E1BBCA8}.RelWithDebInfo|Any CPU.ActiveCfg = Debug|Any CPU
		{75759AB0-A238-4375-AC00-D9CF0E1BBCA8}.RelWithDebInfo|Any CPU.Build.0 = Debug|Any CPU
		{75759AB0-A238-4375-AC00-D9CF0E1BBCA8}.RelWithDebInfo|x64.ActiveCfg = Debug|Any CPU
		{75759AB0-A238-4375-AC00-D9CF0E1BBCA8}.RelWithDebInfo|x64.Build.0 = Debug|Any CPU
		{82CD365D-FB29-4B41-BE0D-DE8D7A1D4541}.Debug|Any CPU.ActiveCfg = Debug|Any CPU
		{82CD365D-FB29-4B41-BE0D-DE8D7A1D4541}.Debug|Any CPU.Build.0 = Debug|Any CPU
		{82CD365D-FB29-4B41-BE0D-DE8D7A1D4541}.Debug|x64.ActiveCfg = Debug|Any CPU
		{82CD365D-FB29-4B41-BE0D-DE8D7A1D4541}.Debug|x64.Build.0 = Debug|Any CPU
		{82CD365D-FB29-4B41-BE0D-DE8D7A1D4541}.MinSizeRel|Any CPU.ActiveCfg = Debug|Any CPU
		{82CD365D-FB29-4B41-BE0D-DE8D7A1D4541}.MinSizeRel|Any CPU.Build.0 = Debug|Any CPU
		{82CD365D-FB29-4B41-BE0D-DE8D7A1D4541}.MinSizeRel|x64.ActiveCfg = Debug|Any CPU
		{82CD365D-FB29-4B41-BE0D-DE8D7A1D4541}.MinSizeRel|x64.Build.0 = Debug|Any CPU
		{82CD365D-FB29-4B41-BE0D-DE8D7A1D4541}.Release|Any CPU.ActiveCfg = Release|Any CPU
		{82CD365D-FB29-4B41-BE0D-DE8D7A1D4541}.Release|Any CPU.Build.0 = Release|Any CPU
		{82CD365D-FB29-4B41-BE0D-DE8D7A1D4541}.Release|x64.ActiveCfg = Release|Any CPU
		{82CD365D-FB29-4B41-BE0D-DE8D7A1D4541}.Release|x64.Build.0 = Release|Any CPU
		{82CD365D-FB29-4B41-BE0D-DE8D7A1D4541}.RelWithDebInfo|Any CPU.ActiveCfg = Debug|Any CPU
		{82CD365D-FB29-4B41-BE0D-DE8D7A1D4541}.RelWithDebInfo|Any CPU.Build.0 = Debug|Any CPU
		{82CD365D-FB29-4B41-BE0D-DE8D7A1D4541}.RelWithDebInfo|x64.ActiveCfg = Debug|Any CPU
		{82CD365D-FB29-4B41-BE0D-DE8D7A1D4541}.RelWithDebInfo|x64.Build.0 = Debug|Any CPU
		{F20161CB-1A11-45AA-B5D8-3278B0D4DBCD}.Debug|Any CPU.ActiveCfg = Debug|Any CPU
		{F20161CB-1A11-45AA-B5D8-3278B0D4DBCD}.Debug|Any CPU.Build.0 = Debug|Any CPU
		{F20161CB-1A11-45AA-B5D8-3278B0D4DBCD}.Debug|x64.ActiveCfg = Debug|Any CPU
		{F20161CB-1A11-45AA-B5D8-3278B0D4DBCD}.Debug|x64.Build.0 = Debug|Any CPU
		{F20161CB-1A11-45AA-B5D8-3278B0D4DBCD}.MinSizeRel|Any CPU.ActiveCfg = Debug|Any CPU
		{F20161CB-1A11-45AA-B5D8-3278B0D4DBCD}.MinSizeRel|Any CPU.Build.0 = Debug|Any CPU
		{F20161CB-1A11-45AA-B5D8-3278B0D4DBCD}.MinSizeRel|x64.ActiveCfg = Debug|Any CPU
		{F20161CB-1A11-45AA-B5D8-3278B0D4DBCD}.MinSizeRel|x64.Build.0 = Debug|Any CPU
		{F20161CB-1A11-45AA-B5D8-3278B0D4DBCD}.Release|Any CPU.ActiveCfg = Release|Any CPU
		{F20161CB-1A11-45AA-B5D8-3278B0D4DBCD}.Release|Any CPU.Build.0 = Release|Any CPU
		{F20161CB-1A11-45AA-B5D8-3278B0D4DBCD}.Release|x64.ActiveCfg = Release|Any CPU
		{F20161CB-1A11-45AA-B5D8-3278B0D4DBCD}.Release|x64.Build.0 = Release|Any CPU
		{F20161CB-1A11-45AA-B5D8-3278B0D4DBCD}.RelWithDebInfo|Any CPU.ActiveCfg = Debug|Any CPU
		{F20161CB-1A11-45AA-B5D8-3278B0D4DBCD}.RelWithDebInfo|Any CPU.Build.0 = Debug|Any CPU
		{F20161CB-1A11-45AA-B5D8-3278B0D4DBCD}.RelWithDebInfo|x64.ActiveCfg = Debug|Any CPU
		{F20161CB-1A11-45AA-B5D8-3278B0D4DBCD}.RelWithDebInfo|x64.Build.0 = Debug|Any CPU
		{CBCE1D2F-0871-409C-B1E9-EDE039A502B0}.Debug|Any CPU.ActiveCfg = Debug|Any CPU
		{CBCE1D2F-0871-409C-B1E9-EDE039A502B0}.Debug|Any CPU.Build.0 = Debug|Any CPU
		{CBCE1D2F-0871-409C-B1E9-EDE039A502B0}.Debug|x64.ActiveCfg = Debug|Any CPU
		{CBCE1D2F-0871-409C-B1E9-EDE039A502B0}.Debug|x64.Build.0 = Debug|Any CPU
		{CBCE1D2F-0871-409C-B1E9-EDE039A502B0}.MinSizeRel|Any CPU.ActiveCfg = Debug|Any CPU
		{CBCE1D2F-0871-409C-B1E9-EDE039A502B0}.MinSizeRel|Any CPU.Build.0 = Debug|Any CPU
		{CBCE1D2F-0871-409C-B1E9-EDE039A502B0}.MinSizeRel|x64.ActiveCfg = Debug|Any CPU
		{CBCE1D2F-0871-409C-B1E9-EDE039A502B0}.MinSizeRel|x64.Build.0 = Debug|Any CPU
		{CBCE1D2F-0871-409C-B1E9-EDE039A502B0}.Release|Any CPU.ActiveCfg = Release|Any CPU
		{CBCE1D2F-0871-409C-B1E9-EDE039A502B0}.Release|Any CPU.Build.0 = Release|Any CPU
		{CBCE1D2F-0871-409C-B1E9-EDE039A502B0}.Release|x64.ActiveCfg = Release|Any CPU
		{CBCE1D2F-0871-409C-B1E9-EDE039A502B0}.Release|x64.Build.0 = Release|Any CPU
		{CBCE1D2F-0871-409C-B1E9-EDE039A502B0}.RelWithDebInfo|Any CPU.ActiveCfg = Debug|Any CPU
		{CBCE1D2F-0871-409C-B1E9-EDE039A502B0}.RelWithDebInfo|Any CPU.Build.0 = Debug|Any CPU
		{CBCE1D2F-0871-409C-B1E9-EDE039A502B0}.RelWithDebInfo|x64.ActiveCfg = Debug|Any CPU
		{CBCE1D2F-0871-409C-B1E9-EDE039A502B0}.RelWithDebInfo|x64.Build.0 = Debug|Any CPU
		{13C13A2D-4B79-4AF7-A6B1-43CF4407CD04}.Debug|Any CPU.ActiveCfg = Debug|Any CPU
		{13C13A2D-4B79-4AF7-A6B1-43CF4407CD04}.Debug|Any CPU.Build.0 = Debug|Any CPU
		{13C13A2D-4B79-4AF7-A6B1-43CF4407CD04}.Debug|x64.ActiveCfg = Debug|Any CPU
		{13C13A2D-4B79-4AF7-A6B1-43CF4407CD04}.Debug|x64.Build.0 = Debug|Any CPU
		{13C13A2D-4B79-4AF7-A6B1-43CF4407CD04}.MinSizeRel|Any CPU.ActiveCfg = Debug|Any CPU
		{13C13A2D-4B79-4AF7-A6B1-43CF4407CD04}.MinSizeRel|Any CPU.Build.0 = Debug|Any CPU
		{13C13A2D-4B79-4AF7-A6B1-43CF4407CD04}.MinSizeRel|x64.ActiveCfg = Debug|Any CPU
		{13C13A2D-4B79-4AF7-A6B1-43CF4407CD04}.MinSizeRel|x64.Build.0 = Debug|Any CPU
		{13C13A2D-4B79-4AF7-A6B1-43CF4407CD04}.Release|Any CPU.ActiveCfg = Release|Any CPU
		{13C13A2D-4B79-4AF7-A6B1-43CF4407CD04}.Release|Any CPU.Build.0 = Release|Any CPU
		{13C13A2D-4B79-4AF7-A6B1-43CF4407CD04}.Release|x64.ActiveCfg = Release|Any CPU
		{13C13A2D-4B79-4AF7-A6B1-43CF4407CD04}.Release|x64.Build.0 = Release|Any CPU
		{13C13A2D-4B79-4AF7-A6B1-43CF4407CD04}.RelWithDebInfo|Any CPU.ActiveCfg = Debug|Any CPU
		{13C13A2D-4B79-4AF7-A6B1-43CF4407CD04}.RelWithDebInfo|Any CPU.Build.0 = Debug|Any CPU
		{13C13A2D-4B79-4AF7-A6B1-43CF4407CD04}.RelWithDebInfo|x64.ActiveCfg = Debug|Any CPU
		{13C13A2D-4B79-4AF7-A6B1-43CF4407CD04}.RelWithDebInfo|x64.Build.0 = Debug|Any CPU
		{62D843D9-3EEB-4435-B7C1-D5C414CDBAED}.Debug|Any CPU.ActiveCfg = Debug|Any CPU
		{62D843D9-3EEB-4435-B7C1-D5C414CDBAED}.Debug|Any CPU.Build.0 = Debug|Any CPU
		{62D843D9-3EEB-4435-B7C1-D5C414CDBAED}.Debug|x64.ActiveCfg = Debug|Any CPU
		{62D843D9-3EEB-4435-B7C1-D5C414CDBAED}.Debug|x64.Build.0 = Debug|Any CPU
		{62D843D9-3EEB-4435-B7C1-D5C414CDBAED}.MinSizeRel|Any CPU.ActiveCfg = Debug|Any CPU
		{62D843D9-3EEB-4435-B7C1-D5C414CDBAED}.MinSizeRel|Any CPU.Build.0 = Debug|Any CPU
		{62D843D9-3EEB-4435-B7C1-D5C414CDBAED}.MinSizeRel|x64.ActiveCfg = Debug|Any CPU
		{62D843D9-3EEB-4435-B7C1-D5C414CDBAED}.MinSizeRel|x64.Build.0 = Debug|Any CPU
		{62D843D9-3EEB-4435-B7C1-D5C414CDBAED}.Release|Any CPU.ActiveCfg = Release|Any CPU
		{62D843D9-3EEB-4435-B7C1-D5C414CDBAED}.Release|Any CPU.Build.0 = Release|Any CPU
		{62D843D9-3EEB-4435-B7C1-D5C414CDBAED}.Release|x64.ActiveCfg = Release|Any CPU
		{62D843D9-3EEB-4435-B7C1-D5C414CDBAED}.Release|x64.Build.0 = Release|Any CPU
		{62D843D9-3EEB-4435-B7C1-D5C414CDBAED}.RelWithDebInfo|Any CPU.ActiveCfg = Debug|Any CPU
		{62D843D9-3EEB-4435-B7C1-D5C414CDBAED}.RelWithDebInfo|Any CPU.Build.0 = Debug|Any CPU
		{62D843D9-3EEB-4435-B7C1-D5C414CDBAED}.RelWithDebInfo|x64.ActiveCfg = Debug|Any CPU
		{62D843D9-3EEB-4435-B7C1-D5C414CDBAED}.RelWithDebInfo|x64.Build.0 = Debug|Any CPU
	EndGlobalSection
	GlobalSection(SolutionProperties) = preSolution
		HideSolutionNode = FALSE
	EndGlobalSection
	GlobalSection(NestedProjects) = preSolution
		{1054C9D5-4F2A-443C-BE80-EAFAE6271835} = {FF701CE9-4871-4211-814A-3BBB5C819AB8}
		{CC5B1D38-2905-4190-958D-39C9228A4D34} = {FF701CE9-4871-4211-814A-3BBB5C819AB8}
		{D439F162-629B-45DD-A1C2-DCE0507131B7} = {FF701CE9-4871-4211-814A-3BBB5C819AB8}
		{EA502F7C-B78C-438E-AE5B-F1F7C99A7C71} = {FF701CE9-4871-4211-814A-3BBB5C819AB8}
		{486A4448-C5EE-439F-80AE-538DDD9462BA} = {FF701CE9-4871-4211-814A-3BBB5C819AB8}
		{7BE4CD17-0006-4670-BF57-40C391DAE7EA} = {FF701CE9-4871-4211-814A-3BBB5C819AB8}
		{184AD754-DE24-447B-AA80-D9976CDD28D1} = {FF701CE9-4871-4211-814A-3BBB5C819AB8}
		{7F451618-80B7-4926-B3CD-E628FD37E2AA} = {FF701CE9-4871-4211-814A-3BBB5C819AB8}
		{F9BD5DFA-1758-40AD-AEB9-AC09CDE8D3BF} = {A76F83AF-A61A-408F-8BB2-4FFDF1BDD8DD}
		{273B13E4-6B69-402E-BD8F-327424582E25} = {F9BD5DFA-1758-40AD-AEB9-AC09CDE8D3BF}
		{75759AB0-A238-4375-AC00-D9CF0E1BBCA8} = {F9BD5DFA-1758-40AD-AEB9-AC09CDE8D3BF}
		{82CD365D-FB29-4B41-BE0D-DE8D7A1D4541} = {F9BD5DFA-1758-40AD-AEB9-AC09CDE8D3BF}
		{F20161CB-1A11-45AA-B5D8-3278B0D4DBCD} = {F9BD5DFA-1758-40AD-AEB9-AC09CDE8D3BF}
		{CBCE1D2F-0871-409C-B1E9-EDE039A502B0} = {F9BD5DFA-1758-40AD-AEB9-AC09CDE8D3BF}
		{13C13A2D-4B79-4AF7-A6B1-43CF4407CD04} = {F9BD5DFA-1758-40AD-AEB9-AC09CDE8D3BF}
		{62D843D9-3EEB-4435-B7C1-D5C414CDBAED} = {F9BD5DFA-1758-40AD-AEB9-AC09CDE8D3BF}
	EndGlobalSection
	GlobalSection(ExtensibilityGlobals) = postSolution
		SolutionGuid = {31D0612C-7FD6-4982-9D18-919692325E97}
	EndGlobalSection
EndGlobal
